schema_version: 1
eval_version: eval_v1.1
created_at: '2026-08-23T02:24:34Z'
git_commit: 6446a68
config_path: configs/eval_v1.yaml
config_sha256: f9634b51b4482a8494fa7f03d2e45bfe9bbf07c9a9f15fda0d3cd1ad84fe43a3
forbid_synthetic: true
costs:
  fee_rate_per_side: 0.00055
  slippage_pct_per_side: 0.0002
  initial_equity: 300.0
  leverage: 3.0
  risk_per_trade_pct: 1.0
  sizing_mode: fixed_margin
  margin_per_trade: 30.0
  risk_per_trade_usdt: 3.0
gates:
  min_trades: 100
  max_drawdown_pct: 20.0
  primary_gate_set: B
  holdout_set: C
datasets:
  B:
    eval_window:
      start: '2024-01-01'
      end: '2024-12-31'
    fetch_window:
      start: '2023-05-26'
      end: '2024-12-31'
    data_source: binance_vision
    bars:
      1d: 586
      4h: 3516
      15m: 56256
    files:
      data/cache/BTCUSDT_binance_spot_1d_2023-05-26_2024-12-31.csv: 35f851f553922f45129747a07d6b4fa15adda180eeb3c2609f6c05516c205ae1
      data/cache/BTCUSDT_binance_spot_4h_2023-05-26_2024-12-31.csv: ca81e83229432648b5c10f8fad7a2d56038dbde7e362fe2dfeea096a1f39c18c
      data/cache/BTCUSDT_binance_spot_15m_2023-05-26_2024-12-31.csv: d463044b2b7293ad7221846f1359edd9215c5df798de9de3444123bc9ff86f17
    derivatives:
      data/cache/BTCUSDT_binance_um_metrics_2023-05-26_2024-12-31.csv: 6ca37ea9ea90d1d8832d83d174e456499c1454d91469a0261a1472b47320bc3e
      data/cache/BTCUSDT_binance_um_funding_2023-05-26_2024-12-31.csv: 18595cb0f20846290747863d6f05260d41e9a2ff0249573949bc16849483ff9e
      data/cache/BTCUSDT_binance_um_premium_2023-05-26_2024-12-31.csv: a4c66840dfae0a241aa132f1664a392652f57bfe6aac6946e6a0611dc2190c52
      data/cache/BTCUSDT_binance_um_perp15m_2023-05-26_2024-12-31.csv: 456a9631379e84c9c82a172ecdbf993bb940862c91831d55fffd83aa57d0bc5d
notes: Formal eval only. Re-run eval-prepare after changing config or refreshing data.
  If data_source is binance_vision, re-confirm on Bybit before any live decision.
