schema_version: 1
eval_version: eval_v1.1
created_at: '2026-08-23T05:14:37Z'
git_commit: '7014196'
config_path: configs/eval_v1.yaml
config_sha256: f9634b51b4482a8494fa7f03d2e45bfe9bbf07c9a9f15fda0d3cd1ad84fe43a3
forbid_synthetic: true
costs:
  fee_rate_per_side: 0.00055
  slippage_pct_per_side: 0.0002
  initial_equity: 300.0
  leverage: 3.0
  risk_per_trade_pct: 1.0
  sizing_mode: fixed_margin
  margin_per_trade: 30.0
  risk_per_trade_usdt: 3.0
gates:
  min_trades: 100
  max_drawdown_pct: 20.0
  primary_gate_set: B
  holdout_set: C
datasets:
  A:
    eval_window:
      start: '2023-01-01'
      end: '2023-12-31'
    fetch_window:
      start: '2022-05-26'
      end: '2023-12-31'
    data_source: binance_vision
    bars:
      1d: 585
      4h: 3510
      15m: 56155
    files:
      data/cache/BTCUSDT_binance_spot_1d_2022-05-26_2023-12-31.csv: 39d9937ea333c3889d633063270139994bb6805c7e512a5342ee9abda7201bcc
      data/cache/BTCUSDT_binance_spot_4h_2022-05-26_2023-12-31.csv: 2e4226985033ece0925eeaf6e406bcb78a43745a1f7a796893271b18d157ca21
      data/cache/BTCUSDT_binance_spot_15m_2022-05-26_2023-12-31.csv: 857e9788e9b8618158304da93520e5328cd1f54470be6038d9ca8fb5bf5941f4
    derivatives:
      data/cache/BTCUSDT_binance_um_metrics_2022-05-26_2023-12-31.csv: 5d6e330062aca817ed5544968ec1fd4e87143f225bb914eb8f93614caafd302e
      data/cache/BTCUSDT_binance_um_funding_2022-05-26_2023-12-31.csv: 6e48a0a2e79635c3f06f7ec01644ea1c12d6d87f493bd49b1f3e56502f3d6a43
      data/cache/BTCUSDT_binance_um_premium_2022-05-26_2023-12-31.csv: f91b56bc61c144993c127af6883050a494adcb25b12e66a145fe396c9ae74412
      data/cache/BTCUSDT_binance_um_perp15m_2022-05-26_2023-12-31.csv: f6e980e5b2264f52879b294db27140d191277dc4a093a1ac4be46fb89c64debb
  B:
    eval_window:
      start: '2024-01-01'
      end: '2024-12-31'
    fetch_window:
      start: '2023-05-26'
      end: '2024-12-31'
    data_source: binance_vision
    bars:
      1d: 586
      4h: 3516
      15m: 56256
    files:
      data/cache/BTCUSDT_binance_spot_1d_2023-05-26_2024-12-31.csv: 35f851f553922f45129747a07d6b4fa15adda180eeb3c2609f6c05516c205ae1
      data/cache/BTCUSDT_binance_spot_4h_2023-05-26_2024-12-31.csv: ca81e83229432648b5c10f8fad7a2d56038dbde7e362fe2dfeea096a1f39c18c
      data/cache/BTCUSDT_binance_spot_15m_2023-05-26_2024-12-31.csv: d463044b2b7293ad7221846f1359edd9215c5df798de9de3444123bc9ff86f17
    derivatives:
      data/cache/BTCUSDT_binance_um_metrics_2023-05-26_2024-12-31.csv: 6ca37ea9ea90d1d8832d83d174e456499c1454d91469a0261a1472b47320bc3e
      data/cache/BTCUSDT_binance_um_funding_2023-05-26_2024-12-31.csv: 18595cb0f20846290747863d6f05260d41e9a2ff0249573949bc16849483ff9e
      data/cache/BTCUSDT_binance_um_premium_2023-05-26_2024-12-31.csv: a4c66840dfae0a241aa132f1664a392652f57bfe6aac6946e6a0611dc2190c52
      data/cache/BTCUSDT_binance_um_perp15m_2023-05-26_2024-12-31.csv: 456a9631379e84c9c82a172ecdbf993bb940862c91831d55fffd83aa57d0bc5d
  C:
    eval_window:
      start: '2025-01-01'
      end: '2026-08-22'
    fetch_window:
      start: '2024-05-26'
      end: '2026-08-22'
    data_source: binance_vision
    bars:
      1d: 819
      4h: 4910
      15m: 78559
    files:
      data/cache/BTCUSDT_binance_spot_1d_2024-05-26_2026-08-22.csv: 546b1326fc42d0d61d7b3900f82b8e9a42f234305bd53fb081baf24e708dc687
      data/cache/BTCUSDT_binance_spot_4h_2024-05-26_2026-08-22.csv: 93775b2bb47f3a28ac1ccf2dbcfd221879090aadde7587f56505731060759edf
      data/cache/BTCUSDT_binance_spot_15m_2024-05-26_2026-08-22.csv: 536bbc04b716bf3f2499b6b1f137dd3a75f688856f50b09e0efffeaad7776f88
    derivatives:
      data/cache/BTCUSDT_binance_um_metrics_2024-05-26_2026-08-22.csv: 875b1e2bdbec1a442a48c4903a1c78d603e0999e1220930ff4d86ff33706cf7c
      data/cache/BTCUSDT_binance_um_funding_2024-05-26_2026-08-22.csv: 167abd406e8c99bcfe2270088f9cfc8952e28b53cfc819166526a508ea79ce90
      data/cache/BTCUSDT_binance_um_premium_2024-05-26_2026-08-22.csv: 52f8b77ca5437f906b6d68a18480a853b39d7e2f47dcffad3207fb19ddf1f4dc
      data/cache/BTCUSDT_binance_um_perp15m_2024-05-26_2026-08-22.csv: d71e646c63e20296915de6b578c3b13ebb7d7048f4a9afa5070028a97c9f82fa
notes: Formal eval only. Re-run eval-prepare after changing config or refreshing data.
  If data_source is binance_vision, re-confirm on Bybit before any live decision.
